{
  "name": "bench",
  "version": "1.0.0",
  "lockfileVersion": 1,
  "requires": true,
  "dependencies": {
    "microtime": {
      "version": "3.0.0",
      "resolved": "https://registry.npmjs.org/microtime/-/microtime-3.0.0.tgz",
      "integrity": "sha512-SirJr7ZL4ow2iWcb54bekS4aWyBQNVcEDBiwAz9D/sTgY59A+uE8UJU15cp5wyZmPBwg/3zf8lyCJ5NUe1nVlQ==",
      "requires": {
        "node-addon-api": "^1.2.0",
        "node-gyp-build": "^3.8.0"
      }
    },
    "ngraph.events": {
      "version": "1.0.0",
      "resolved": "https://registry.npmjs.org/ngraph.events/-/ngraph.events-1.0.0.tgz",
      "integrity": "sha512-Z7wyywdw8IKjOW0bDiOG4FUqX5fwqW7SDMO1huemDXho7Qy1b02RoBkPS43KLIZU2wrW2orju99k8wIr+xXvVA=="
    },
    "ngraph.graph": {
      "version": "19.0.0",
      "resolved": "https://registry.npmjs.org/ngraph.graph/-/ngraph.graph-19.0.0.tgz",
      "integrity": "sha512-S4KvhF3II2vSHUgB3s/cbQAHLmvyBEb1OymBpn85dCOliQ7XKlutmbD6Jcz4IXJZjBDT2hLZA9hYPW6c6ZKnfg==",
      "requires": {
        "ngraph.events": "1.0.0"
      }
    },
    "node-addon-api": {
      "version": "1.7.1",
      "resolved": "https://registry.npmjs.org/node-addon-api/-/node-addon-api-1.7.1.tgz",
      "integrity": "sha512-2+DuKodWvwRTrCfKOeR24KIc5unKjOh8mz17NCzVnHWfjAdDqbfbjqh7gUT+BkXBRQM52+xCHciKWonJ3CbJMQ=="
    },
    "node-gyp-build": {
      "version": "3.9.0",
      "resolved": "https://registry.npmjs.org/node-gyp-build/-/node-gyp-build-3.9.0.tgz",
      "integrity": "sha512-zLcTg6P4AbcHPq465ZMFNXx7XpKKJh+7kkN699NiQWisR2uWYOWNWqRHAmbnmKiL4e9aLSlmy5U7rEMUXV59+A=="
    },
    "struk.graph": {
      "version": "1.3.0",
      "resolved": "https://registry.npmjs.org/struk.graph/-/struk.graph-1.3.0.tgz",
      "integrity": "sha512-mguNq3I3yaVLkkFTbbvinpupfpWjokHL8CO637EGFJ9f7Fyg9GZitYl9sEUbQRischLHnyY3sNZ264Gys5zgpA=="
    }
  }
}
